<?xml version="1.0" encoding="utf-8"?>
<Project ToolsVersion="4.0" xmlns="http://schemas.microsoft.com/developer/msbuild/2003">
  <ItemGroup>
    <Filter Include="C++ Files">
      <UniqueIdentifier>{458c324d-1c2b-4285-8341-0c00f8aafe8c}</UniqueIdentifier>
      <Extensions>cpp;h;ico;inf;rc</Extensions>
    </Filter>
    <Filter Include="Modules %28mpp%29">
      <UniqueIdentifier>{e9a2534c-981f-4cdd-ad22-6191c2c254a1}</UniqueIdentifier>
      <Extensions>mpp</Extensions>
    </Filter>
    <Filter Include="Scenarios">
      <UniqueIdentifier>{055ffc90-b4f3-4837-9bf1-bb750f97683e}</UniqueIdentifier>
      <Extensions>sce;dat</Extensions>
    </Filter>
  </ItemGroup>
  <ItemGroup>
    <None Include="TsetseDynamics.mpp">
      <Filter>Modules %28mpp%29</Filter>
    </None>
    <None Include="TsetseFlyCore.mpp">
      <Filter>Modules %28mpp%29</Filter>
    </None>
    <None Include="TickerCore.mpp">
      <Filter>Modules %28mpp%29</Filter>
    </None>
    <None Include="ModelStrings.mpp">
      <Filter>Modules %28mpp%29</Filter>
    </None>
    <None Include="app.ico">
      <Filter>C++ Files</Filter>
    </None>
    <None Include="parse.inf">
      <Filter>C++ Files</Filter>
    </None>
    <None Include="Base(TsetseFlyCore).dat">
      <Filter>Scenarios</Filter>
    </None>
    <None Include="Base.scex" />
    <None Include="ReadMe.txt" />
    <None Include="Birth.mpp">
      <Filter>Modules %28mpp%29</Filter>
    </None>
  </ItemGroup>
  <ItemGroup>
    <ClCompile Include="TsetseDynamics.cpp">
      <Filter>C++ Files</Filter>
    </ClCompile>
    <ClCompile Include="TsetseFlyCore.cpp">
      <Filter>C++ Files</Filter>
    </ClCompile>
    <ClCompile Include="TickerCore.cpp">
      <Filter>C++ Files</Filter>
    </ClCompile>
    <ClCompile Include="ModelStrings.cpp">
      <Filter>C++ Files</Filter>
    </ClCompile>
    <ClCompile Include="Actors.cpp">
      <Filter>C++ Files</Filter>
    </ClCompile>
    <ClCompile Include="Tabinit.cpp">
      <Filter>C++ Files</Filter>
    </ClCompile>
    <ClCompile Include="Birth.cpp">
      <Filter>C++ Files</Filter>
    </ClCompile>
  </ItemGroup>
  <ItemGroup>
    <ClInclude Include="Actors.h">
      <Filter>C++ Files</Filter>
    </ClInclude>
    <ClInclude Include="Tabinit.h">
      <Filter>C++ Files</Filter>
    </ClInclude>
    <ClInclude Include="model.h">
      <Filter>C++ Files</Filter>
    </ClInclude>
  </ItemGroup>
  <ItemGroup>
    <ResourceCompile Include="model.rc">
      <Filter>C++ Files</Filter>
    </ResourceCompile>
  </ItemGroup>
</Project>